
Microsoft Visual Studio Solution File, Format Version 12.00
# Visual Studio Version 17
VisualStudioVersion = 17.11.35431.28
MinimumVisualStudioVersion = 10.0.40219.1
Project("{FAE04EC0-301F-11D3-BF4B-00C04F79EFBC}") = "CurrencyConverterAPI", "CurrencyConverterAPI\CurrencyConverterAPI.csproj", "{D5EA46B7-DE1B-4A63-B523-1E7A32C84F4E}"
EndProject
Project("{FAE04EC0-301F-11D3-BF4B-00C04F79EFBC}") = "Domain", "..\Domain\Domain.csproj", "{1E8742B4-8FA3-4F91-9B0C-74DD4706A3BD}"
EndProject
Global
	GlobalSection(SolutionConfigurationPlatforms) = preSolution
		Debug|Any CPU = Debug|Any CPU
		Release|Any CPU = Release|Any CPU
	EndGlobalSection
	GlobalSection(ProjectConfigurationPlatforms) = postSolution
		{D5EA46B7-DE1B-4A63-B523-1E7A32C84F4E}.Debug|Any CPU.ActiveCfg = Debug|Any CPU
		{D5EA46B7-DE1B-4A63-B523-1E7A32C84F4E}.Debug|Any CPU.Build.0 = Debug|Any CPU
		{D5EA46B7-DE1B-4A63-B523-1E7A32C84F4E}.Release|Any CPU.ActiveCfg = Release|Any CPU
		{D5EA46B7-DE1B-4A63-B523-1E7A32C84F4E}.Release|Any CPU.Build.0 = Release|Any CPU
		{1E8742B4-8FA3-4F91-9B0C-74DD4706A3BD}.Debug|Any CPU.ActiveCfg = Debug|Any CPU
		{1E8742B4-8FA3-4F91-9B0C-74DD4706A3BD}.Debug|Any CPU.Build.0 = Debug|Any CPU
		{1E8742B4-8FA3-4F91-9B0C-74DD4706A3BD}.Release|Any CPU.ActiveCfg = Release|Any CPU
		{1E8742B4-8FA3-4F91-9B0C-74DD4706A3BD}.Release|Any CPU.Build.0 = Release|Any CPU
	EndGlobalSection
	GlobalSection(SolutionProperties) = preSolution
		HideSolutionNode = FALSE
	EndGlobalSection
	GlobalSection(ExtensibilityGlobals) = postSolution
		SolutionGuid = {7993BB86-B0DF-47E6-A118-417F9C17AD50}
	EndGlobalSection
EndGlobal
